
Microsoft Visual Studio Solution File, Format Version 12.00
# Visual Studio 15
VisualStudioVersion = 15.0.27703.2042
MinimumVisualStudioVersion = 10.0.40219.1
Project("{9A19103F-16F7-4668-BE54-9A1E7A4F7556}") = "01.ClassBox", "01. Class Box\01.ClassBox.csproj", "{58BB13CD-F142-4848-BEE6-639D41C16E76}"
EndProject
Project("{FAE04EC0-301F-11D3-BF4B-00C04F79EFBC}") = "02.ShoppingSpree", "02. Shopping Spree\02.ShoppingSpree.csproj", "{E23E0C08-4012-47E1-B5C2-EEFD6C248394}"
EndProject
Global
	GlobalSection(SolutionConfigurationPlatforms) = preSolution
		Debug|Any CPU = Debug|Any CPU
		Release|Any CPU = Release|Any CPU
	EndGlobalSection
	GlobalSection(ProjectConfigurationPlatforms) = postSolution
		{58BB13CD-F142-4848-BEE6-639D41C16E76}.Debug|Any CPU.ActiveCfg = Debug|Any CPU
		{58BB13CD-F142-4848-BEE6-639D41C16E76}.Debug|Any CPU.Build.0 = Debug|Any CPU
		{58BB13CD-F142-4848-BEE6-639D41C16E76}.Release|Any CPU.ActiveCfg = Release|Any CPU
		{58BB13CD-F142-4848-BEE6-639D41C16E76}.Release|Any CPU.Build.0 = Release|Any CPU
		{E23E0C08-4012-47E1-B5C2-EEFD6C248394}.Debug|Any CPU.ActiveCfg = Debug|Any CPU
		{E23E0C08-4012-47E1-B5C2-EEFD6C248394}.Debug|Any CPU.Build.0 = Debug|Any CPU
		{E23E0C08-4012-47E1-B5C2-EEFD6C248394}.Release|Any CPU.ActiveCfg = Release|Any CPU
		{E23E0C08-4012-47E1-B5C2-EEFD6C248394}.Release|Any CPU.Build.0 = Release|Any CPU
	EndGlobalSection
	GlobalSection(SolutionProperties) = preSolution
		HideSolutionNode = FALSE
	EndGlobalSection
	GlobalSection(ExtensibilityGlobals) = postSolution
		SolutionGuid = {89F4AEE1-6CBA-4CDB-8032-5FF130D986EC}
	EndGlobalSection
EndGlobal
