
Microsoft Visual Studio Solution File, Format Version 12.00
# Visual Studio 15
VisualStudioVersion = 15.0.26730.16
MinimumVisualStudioVersion = 10.0.40219.1
Project("{FAE04EC0-301F-11D3-BF4B-00C04F79EFBC}") = "1", "1\1.csproj", "{6A9647DD-5B2E-4182-B104-DEF02D69E9DE}"
EndProject
Project("{FAE04EC0-301F-11D3-BF4B-00C04F79EFBC}") = "2", "2\2.csproj", "{F8D21D25-4C3B-452F-8543-4493F58D964A}"
EndProject
Project("{FAE04EC0-301F-11D3-BF4B-00C04F79EFBC}") = "3", "3\3.csproj", "{3BCCAE6D-8B20-4E31-8167-9AA2D0C82069}"
EndProject
Project("{FAE04EC0-301F-11D3-BF4B-00C04F79EFBC}") = "4", "4\4.csproj", "{91337BEF-5CFF-413E-A127-751EFBEF7B72}"
EndProject
Project("{FAE04EC0-301F-11D3-BF4B-00C04F79EFBC}") = "5", "5\5.csproj", "{273E85BE-0EF5-4309-B190-F5D66E129EA1}"
EndProject
Project("{FAE04EC0-301F-11D3-BF4B-00C04F79EFBC}") = "6", "6\6.csproj", "{98C7FE56-95C8-4A68-A059-101EC838F913}"
EndProject
Global
	GlobalSection(SolutionConfigurationPlatforms) = preSolution
		Debug|Any CPU = Debug|Any CPU
		Release|Any CPU = Release|Any CPU
	EndGlobalSection
	GlobalSection(ProjectConfigurationPlatforms) = postSolution
		{6A9647DD-5B2E-4182-B104-DEF02D69E9DE}.Debug|Any CPU.ActiveCfg = Debug|Any CPU
		{6A9647DD-5B2E-4182-B104-DEF02D69E9DE}.Debug|Any CPU.Build.0 = Debug|Any CPU
		{6A9647DD-5B2E-4182-B104-DEF02D69E9DE}.Release|Any CPU.ActiveCfg = Release|Any CPU
		{6A9647DD-5B2E-4182-B104-DEF02D69E9DE}.Release|Any CPU.Build.0 = Release|Any CPU
		{F8D21D25-4C3B-452F-8543-4493F58D964A}.Debug|Any CPU.ActiveCfg = Debug|Any CPU
		{F8D21D25-4C3B-452F-8543-4493F58D964A}.Debug|Any CPU.Build.0 = Debug|Any CPU
		{F8D21D25-4C3B-452F-8543-4493F58D964A}.Release|Any CPU.ActiveCfg = Release|Any CPU
		{F8D21D25-4C3B-452F-8543-4493F58D964A}.Release|Any CPU.Build.0 = Release|Any CPU
		{3BCCAE6D-8B20-4E31-8167-9AA2D0C82069}.Debug|Any CPU.ActiveCfg = Debug|Any CPU
		{3BCCAE6D-8B20-4E31-8167-9AA2D0C82069}.Debug|Any CPU.Build.0 = Debug|Any CPU
		{3BCCAE6D-8B20-4E31-8167-9AA2D0C82069}.Release|Any CPU.ActiveCfg = Release|Any CPU
		{3BCCAE6D-8B20-4E31-8167-9AA2D0C82069}.Release|Any CPU.Build.0 = Release|Any CPU
		{91337BEF-5CFF-413E-A127-751EFBEF7B72}.Debug|Any CPU.ActiveCfg = Debug|Any CPU
		{91337BEF-5CFF-413E-A127-751EFBEF7B72}.Debug|Any CPU.Build.0 = Debug|Any CPU
		{91337BEF-5CFF-413E-A127-751EFBEF7B72}.Release|Any CPU.ActiveCfg = Release|Any CPU
		{91337BEF-5CFF-413E-A127-751EFBEF7B72}.Release|Any CPU.Build.0 = Release|Any CPU
		{273E85BE-0EF5-4309-B190-F5D66E129EA1}.Debug|Any CPU.ActiveCfg = Debug|Any CPU
		{273E85BE-0EF5-4309-B190-F5D66E129EA1}.Debug|Any CPU.Build.0 = Debug|Any CPU
		{273E85BE-0EF5-4309-B190-F5D66E129EA1}.Release|Any CPU.ActiveCfg = Release|Any CPU
		{273E85BE-0EF5-4309-B190-F5D66E129EA1}.Release|Any CPU.Build.0 = Release|Any CPU
		{98C7FE56-95C8-4A68-A059-101EC838F913}.Debug|Any CPU.ActiveCfg = Debug|Any CPU
		{98C7FE56-95C8-4A68-A059-101EC838F913}.Debug|Any CPU.Build.0 = Debug|Any CPU
		{98C7FE56-95C8-4A68-A059-101EC838F913}.Release|Any CPU.ActiveCfg = Release|Any CPU
		{98C7FE56-95C8-4A68-A059-101EC838F913}.Release|Any CPU.Build.0 = Release|Any CPU
	EndGlobalSection
	GlobalSection(SolutionProperties) = preSolution
		HideSolutionNode = FALSE
	EndGlobalSection
	GlobalSection(ExtensibilityGlobals) = postSolution
		SolutionGuid = {98DDD887-46C2-469A-B5AC-BA96887C93E1}
	EndGlobalSection
EndGlobal
