
Microsoft Visual Studio Solution File, Format Version 12.00
# Visual Studio 15
VisualStudioVersion = 15.0.26730.16
MinimumVisualStudioVersion = 10.0.40219.1
Project("{FAE04EC0-301F-11D3-BF4B-00C04F79EFBC}") = "01. Debit Card Num", "01. Debit Card Num\01. Debit Card Num.csproj", "{40752ACA-42D6-4E11-8631-94E4E0E22DE0}"
EndProject
Project("{FAE04EC0-301F-11D3-BF4B-00C04F79EFBC}") = "02. Rectangle Area", "02. Rectangle Area\02. Rectangle Area.csproj", "{7CFF297C-FF61-48F7-9FD5-26C2DC69A568}"
EndProject
Project("{FAE04EC0-301F-11D3-BF4B-00C04F79EFBC}") = "03. Miles To KM", "03. Miles To KM\03. Miles To KM.csproj", "{1EA8C16E-3F1E-4B5E-9BF4-09221B6B9C9D}"
EndProject
Project("{FAE04EC0-301F-11D3-BF4B-00C04F79EFBC}") = "04. Beverage Labels", "04. Beverage Labels\04. Beverage Labels.csproj", "{69F68C7B-449F-456D-A5EB-C63C86E9C53D}"
EndProject
Project("{FAE04EC0-301F-11D3-BF4B-00C04F79EFBC}") = "05. Character Stats", "05. Character Stats\05. Character Stats.csproj", "{062C1E32-8534-48A0-AC57-968D2FC23858}"
EndProject
Global
	GlobalSection(SolutionConfigurationPlatforms) = preSolution
		Debug|Any CPU = Debug|Any CPU
		Release|Any CPU = Release|Any CPU
	EndGlobalSection
	GlobalSection(ProjectConfigurationPlatforms) = postSolution
		{40752ACA-42D6-4E11-8631-94E4E0E22DE0}.Debug|Any CPU.ActiveCfg = Debug|Any CPU
		{40752ACA-42D6-4E11-8631-94E4E0E22DE0}.Debug|Any CPU.Build.0 = Debug|Any CPU
		{40752ACA-42D6-4E11-8631-94E4E0E22DE0}.Release|Any CPU.ActiveCfg = Release|Any CPU
		{40752ACA-42D6-4E11-8631-94E4E0E22DE0}.Release|Any CPU.Build.0 = Release|Any CPU
		{7CFF297C-FF61-48F7-9FD5-26C2DC69A568}.Debug|Any CPU.ActiveCfg = Debug|Any CPU
		{7CFF297C-FF61-48F7-9FD5-26C2DC69A568}.Debug|Any CPU.Build.0 = Debug|Any CPU
		{7CFF297C-FF61-48F7-9FD5-26C2DC69A568}.Release|Any CPU.ActiveCfg = Release|Any CPU
		{7CFF297C-FF61-48F7-9FD5-26C2DC69A568}.Release|Any CPU.Build.0 = Release|Any CPU
		{1EA8C16E-3F1E-4B5E-9BF4-09221B6B9C9D}.Debug|Any CPU.ActiveCfg = Debug|Any CPU
		{1EA8C16E-3F1E-4B5E-9BF4-09221B6B9C9D}.Debug|Any CPU.Build.0 = Debug|Any CPU
		{1EA8C16E-3F1E-4B5E-9BF4-09221B6B9C9D}.Release|Any CPU.ActiveCfg = Release|Any CPU
		{1EA8C16E-3F1E-4B5E-9BF4-09221B6B9C9D}.Release|Any CPU.Build.0 = Release|Any CPU
		{69F68C7B-449F-456D-A5EB-C63C86E9C53D}.Debug|Any CPU.ActiveCfg = Debug|Any CPU
		{69F68C7B-449F-456D-A5EB-C63C86E9C53D}.Debug|Any CPU.Build.0 = Debug|Any CPU
		{69F68C7B-449F-456D-A5EB-C63C86E9C53D}.Release|Any CPU.ActiveCfg = Release|Any CPU
		{69F68C7B-449F-456D-A5EB-C63C86E9C53D}.Release|Any CPU.Build.0 = Release|Any CPU
		{062C1E32-8534-48A0-AC57-968D2FC23858}.Debug|Any CPU.ActiveCfg = Debug|Any CPU
		{062C1E32-8534-48A0-AC57-968D2FC23858}.Debug|Any CPU.Build.0 = Debug|Any CPU
		{062C1E32-8534-48A0-AC57-968D2FC23858}.Release|Any CPU.ActiveCfg = Release|Any CPU
		{062C1E32-8534-48A0-AC57-968D2FC23858}.Release|Any CPU.Build.0 = Release|Any CPU
	EndGlobalSection
	GlobalSection(SolutionProperties) = preSolution
		HideSolutionNode = FALSE
	EndGlobalSection
	GlobalSection(ExtensibilityGlobals) = postSolution
		SolutionGuid = {603720FF-7D3C-4399-BF73-4FCAF8561323}
	EndGlobalSection
EndGlobal
