
Microsoft Visual Studio Solution File, Format Version 12.00
# Visual Studio 15
VisualStudioVersion = 15.0.26730.12
MinimumVisualStudioVersion = 10.0.40219.1
Project("{FAE04EC0-301F-11D3-BF4B-00C04F79EFBC}") = "1 Personal Titles", "unisoft zadachi - slojni conditioni\1 Personal Titles.csproj", "{45152AE2-1E29-4142-97FA-F1F207A2CF09}"
EndProject
Project("{FAE04EC0-301F-11D3-BF4B-00C04F79EFBC}") = "2 Small Shop", "2 Small Shop\2 Small Shop.csproj", "{8B9EE2A6-5C5D-45E7-B128-59CA00A8D6A3}"
EndProject
Project("{FAE04EC0-301F-11D3-BF4B-00C04F79EFBC}") = "3 Point in Rectangle", "3 Point in Rectangle\3 Point in Rectangle.csproj", "{3265C771-ED22-48F5-BC63-C6917D7F30BC}"
EndProject
Project("{FAE04EC0-301F-11D3-BF4B-00C04F79EFBC}") = "4 Fruit or Vegetable", "4 Fruit or Vegetable\4 Fruit or Vegetable.csproj", "{513FAD30-F79B-424E-A587-37097956AB84}"
EndProject
Project("{FAE04EC0-301F-11D3-BF4B-00C04F79EFBC}") = "5 Invalid Number", "5 Invalid Number\5 Invalid Number.csproj", "{2ACAAE6A-1074-4542-A60C-827625774CF7}"
EndProject
Project("{FAE04EC0-301F-11D3-BF4B-00C04F79EFBC}") = "6 Point on Rectangle border", "6 Point on Rectangle border\6 Point on Rectangle border.csproj", "{C86C6375-B8DC-4A8F-91A5-F86FB1D26791}"
EndProject
Project("{FAE04EC0-301F-11D3-BF4B-00C04F79EFBC}") = "7 Fruit Shop", "7 Fruit Shop\7 Fruit Shop.csproj", "{EFC26047-AAD8-44F2-81AB-667E657420DF}"
EndProject
Project("{FAE04EC0-301F-11D3-BF4B-00C04F79EFBC}") = "8 Trade Comissions", "8 Trade Comissions\8 Trade Comissions.csproj", "{BC7B8215-6851-4577-98B7-B6EC37FFE00C}"
EndProject
Project("{FAE04EC0-301F-11D3-BF4B-00C04F79EFBC}") = "9 Day Of Week", "9 Day Of Week\9 Day Of Week.csproj", "{2EFDF4E5-8D80-414F-9DE8-44232CA74EDA}"
EndProject
Project("{FAE04EC0-301F-11D3-BF4B-00C04F79EFBC}") = "10 Animal Type", "10 Animal Type\10 Animal Type.csproj", "{68F6ABFE-F195-41E7-9A02-CA17C3ABD557}"
EndProject
Project("{FAE04EC0-301F-11D3-BF4B-00C04F79EFBC}") = "11 Cinema", "11 Cinema\11 Cinema.csproj", "{A9C5EF39-60F3-4E61-AB7D-94B4CCAE949F}"
EndProject
Project("{FAE04EC0-301F-11D3-BF4B-00C04F79EFBC}") = "12 Voleyball", "12 Voleyball\12 Voleyball.csproj", "{795967E8-4522-47B5-948A-7ACBF9C02C10}"
EndProject
Project("{FAE04EC0-301F-11D3-BF4B-00C04F79EFBC}") = "13 Point in the Figure", "13 Point in the Figure\13 Point in the Figure.csproj", "{46EF9892-8C31-4363-865C-DFDE4403A9AB}"
EndProject
Global
	GlobalSection(SolutionConfigurationPlatforms) = preSolution
		Debug|Any CPU = Debug|Any CPU
		Release|Any CPU = Release|Any CPU
	EndGlobalSection
	GlobalSection(ProjectConfigurationPlatforms) = postSolution
		{45152AE2-1E29-4142-97FA-F1F207A2CF09}.Debug|Any CPU.ActiveCfg = Debug|Any CPU
		{45152AE2-1E29-4142-97FA-F1F207A2CF09}.Debug|Any CPU.Build.0 = Debug|Any CPU
		{45152AE2-1E29-4142-97FA-F1F207A2CF09}.Release|Any CPU.ActiveCfg = Release|Any CPU
		{45152AE2-1E29-4142-97FA-F1F207A2CF09}.Release|Any CPU.Build.0 = Release|Any CPU
		{8B9EE2A6-5C5D-45E7-B128-59CA00A8D6A3}.Debug|Any CPU.ActiveCfg = Debug|Any CPU
		{8B9EE2A6-5C5D-45E7-B128-59CA00A8D6A3}.Debug|Any CPU.Build.0 = Debug|Any CPU
		{8B9EE2A6-5C5D-45E7-B128-59CA00A8D6A3}.Release|Any CPU.ActiveCfg = Release|Any CPU
		{8B9EE2A6-5C5D-45E7-B128-59CA00A8D6A3}.Release|Any CPU.Build.0 = Release|Any CPU
		{3265C771-ED22-48F5-BC63-C6917D7F30BC}.Debug|Any CPU.ActiveCfg = Debug|Any CPU
		{3265C771-ED22-48F5-BC63-C6917D7F30BC}.Debug|Any CPU.Build.0 = Debug|Any CPU
		{3265C771-ED22-48F5-BC63-C6917D7F30BC}.Release|Any CPU.ActiveCfg = Release|Any CPU
		{3265C771-ED22-48F5-BC63-C6917D7F30BC}.Release|Any CPU.Build.0 = Release|Any CPU
		{513FAD30-F79B-424E-A587-37097956AB84}.Debug|Any CPU.ActiveCfg = Debug|Any CPU
		{513FAD30-F79B-424E-A587-37097956AB84}.Debug|Any CPU.Build.0 = Debug|Any CPU
		{513FAD30-F79B-424E-A587-37097956AB84}.Release|Any CPU.ActiveCfg = Release|Any CPU
		{513FAD30-F79B-424E-A587-37097956AB84}.Release|Any CPU.Build.0 = Release|Any CPU
		{2ACAAE6A-1074-4542-A60C-827625774CF7}.Debug|Any CPU.ActiveCfg = Debug|Any CPU
		{2ACAAE6A-1074-4542-A60C-827625774CF7}.Debug|Any CPU.Build.0 = Debug|Any CPU
		{2ACAAE6A-1074-4542-A60C-827625774CF7}.Release|Any CPU.ActiveCfg = Release|Any CPU
		{2ACAAE6A-1074-4542-A60C-827625774CF7}.Release|Any CPU.Build.0 = Release|Any CPU
		{C86C6375-B8DC-4A8F-91A5-F86FB1D26791}.Debug|Any CPU.ActiveCfg = Debug|Any CPU
		{C86C6375-B8DC-4A8F-91A5-F86FB1D26791}.Debug|Any CPU.Build.0 = Debug|Any CPU
		{C86C6375-B8DC-4A8F-91A5-F86FB1D26791}.Release|Any CPU.ActiveCfg = Release|Any CPU
		{C86C6375-B8DC-4A8F-91A5-F86FB1D26791}.Release|Any CPU.Build.0 = Release|Any CPU
		{EFC26047-AAD8-44F2-81AB-667E657420DF}.Debug|Any CPU.ActiveCfg = Debug|Any CPU
		{EFC26047-AAD8-44F2-81AB-667E657420DF}.Debug|Any CPU.Build.0 = Debug|Any CPU
		{EFC26047-AAD8-44F2-81AB-667E657420DF}.Release|Any CPU.ActiveCfg = Release|Any CPU
		{EFC26047-AAD8-44F2-81AB-667E657420DF}.Release|Any CPU.Build.0 = Release|Any CPU
		{BC7B8215-6851-4577-98B7-B6EC37FFE00C}.Debug|Any CPU.ActiveCfg = Debug|Any CPU
		{BC7B8215-6851-4577-98B7-B6EC37FFE00C}.Debug|Any CPU.Build.0 = Debug|Any CPU
		{BC7B8215-6851-4577-98B7-B6EC37FFE00C}.Release|Any CPU.ActiveCfg = Release|Any CPU
		{BC7B8215-6851-4577-98B7-B6EC37FFE00C}.Release|Any CPU.Build.0 = Release|Any CPU
		{2EFDF4E5-8D80-414F-9DE8-44232CA74EDA}.Debug|Any CPU.ActiveCfg = Debug|Any CPU
		{2EFDF4E5-8D80-414F-9DE8-44232CA74EDA}.Debug|Any CPU.Build.0 = Debug|Any CPU
		{2EFDF4E5-8D80-414F-9DE8-44232CA74EDA}.Release|Any CPU.ActiveCfg = Release|Any CPU
		{2EFDF4E5-8D80-414F-9DE8-44232CA74EDA}.Release|Any CPU.Build.0 = Release|Any CPU
		{68F6ABFE-F195-41E7-9A02-CA17C3ABD557}.Debug|Any CPU.ActiveCfg = Debug|Any CPU
		{68F6ABFE-F195-41E7-9A02-CA17C3ABD557}.Debug|Any CPU.Build.0 = Debug|Any CPU
		{68F6ABFE-F195-41E7-9A02-CA17C3ABD557}.Release|Any CPU.ActiveCfg = Release|Any CPU
		{68F6ABFE-F195-41E7-9A02-CA17C3ABD557}.Release|Any CPU.Build.0 = Release|Any CPU
		{A9C5EF39-60F3-4E61-AB7D-94B4CCAE949F}.Debug|Any CPU.ActiveCfg = Debug|Any CPU
		{A9C5EF39-60F3-4E61-AB7D-94B4CCAE949F}.Debug|Any CPU.Build.0 = Debug|Any CPU
		{A9C5EF39-60F3-4E61-AB7D-94B4CCAE949F}.Release|Any CPU.ActiveCfg = Release|Any CPU
		{A9C5EF39-60F3-4E61-AB7D-94B4CCAE949F}.Release|Any CPU.Build.0 = Release|Any CPU
		{795967E8-4522-47B5-948A-7ACBF9C02C10}.Debug|Any CPU.ActiveCfg = Debug|Any CPU
		{795967E8-4522-47B5-948A-7ACBF9C02C10}.Debug|Any CPU.Build.0 = Debug|Any CPU
		{795967E8-4522-47B5-948A-7ACBF9C02C10}.Release|Any CPU.ActiveCfg = Release|Any CPU
		{795967E8-4522-47B5-948A-7ACBF9C02C10}.Release|Any CPU.Build.0 = Release|Any CPU
		{46EF9892-8C31-4363-865C-DFDE4403A9AB}.Debug|Any CPU.ActiveCfg = Debug|Any CPU
		{46EF9892-8C31-4363-865C-DFDE4403A9AB}.Debug|Any CPU.Build.0 = Debug|Any CPU
		{46EF9892-8C31-4363-865C-DFDE4403A9AB}.Release|Any CPU.ActiveCfg = Release|Any CPU
		{46EF9892-8C31-4363-865C-DFDE4403A9AB}.Release|Any CPU.Build.0 = Release|Any CPU
	EndGlobalSection
	GlobalSection(SolutionProperties) = preSolution
		HideSolutionNode = FALSE
	EndGlobalSection
	GlobalSection(ExtensibilityGlobals) = postSolution
		SolutionGuid = {A57C2996-C8B2-47B8-9FDB-0070B025452D}
	EndGlobalSection
EndGlobal
