
Microsoft Visual Studio Solution File, Format Version 12.00
# Visual Studio 15
VisualStudioVersion = 15.0.27428.2015
MinimumVisualStudioVersion = 10.0.40219.1
Project("{FAE04EC0-301F-11D3-BF4B-00C04F79EFBC}") = "01. Phonebook", "01. Phonebook\01. Phonebook.csproj", "{184F53E3-2CD2-4338-BBF4-2FD08310FB90}"
EndProject
Project("{FAE04EC0-301F-11D3-BF4B-00C04F79EFBC}") = "02. Phonebook Upgrade", "02. Phonebook Upgrade\02. Phonebook Upgrade.csproj", "{CF1049D2-65DE-4A41-93DF-FF944A562064}"
EndProject
Project("{FAE04EC0-301F-11D3-BF4B-00C04F79EFBC}") = "03. A Miner Task", "03. A Miner Task\03. A Miner Task.csproj", "{DDA24959-AECE-4C40-B5DD-B642DFE621AA}"
EndProject
Project("{FAE04EC0-301F-11D3-BF4B-00C04F79EFBC}") = "04. Fix Emails", "04. Fix Emails\04. Fix Emails.csproj", "{D3FEA9C2-1F4A-4F7E-9E25-66797B4ADF61}"
EndProject
Project("{FAE04EC0-301F-11D3-BF4B-00C04F79EFBC}") = "05. Hands of Cards", "05. Hands of Cards\05. Hands of Cards.csproj", "{978670B2-60B2-486E-A52B-9FC46CD9D0D2}"
EndProject
Project("{FAE04EC0-301F-11D3-BF4B-00C04F79EFBC}") = "06. User Logs", "06. User Logs\06. User Logs.csproj", "{0061EE30-F692-4856-9034-23401FE7777B}"
EndProject
Project("{FAE04EC0-301F-11D3-BF4B-00C04F79EFBC}") = "07. Population Counter", "07. Population Counter\07. Population Counter.csproj", "{ECA759A4-242E-422F-81F5-DC2478C7D72D}"
EndProject
Project("{FAE04EC0-301F-11D3-BF4B-00C04F79EFBC}") = "08. Logs Aggregator", "08. Logs Aggregator\08. Logs Aggregator.csproj", "{D397BA82-9DB1-437F-980D-5FE9BD0BE465}"
EndProject
Project("{FAE04EC0-301F-11D3-BF4B-00C04F79EFBC}") = "09. Legendary Farming", "09. Legendary Farming\09. Legendary Farming.csproj", "{52F07F33-E48F-42CC-A1C7-36DCF121EBB5}"
EndProject
Project("{FAE04EC0-301F-11D3-BF4B-00C04F79EFBC}") = "10. Сръбско Unleashed", "10. Сръбско Unleashed\10. Сръбско Unleashed.csproj", "{0F3EAD86-165B-4D9C-B17A-62EEE6B56910}"
EndProject
Global
	GlobalSection(SolutionConfigurationPlatforms) = preSolution
		Debug|Any CPU = Debug|Any CPU
		Release|Any CPU = Release|Any CPU
	EndGlobalSection
	GlobalSection(ProjectConfigurationPlatforms) = postSolution
		{184F53E3-2CD2-4338-BBF4-2FD08310FB90}.Debug|Any CPU.ActiveCfg = Debug|Any CPU
		{184F53E3-2CD2-4338-BBF4-2FD08310FB90}.Debug|Any CPU.Build.0 = Debug|Any CPU
		{184F53E3-2CD2-4338-BBF4-2FD08310FB90}.Release|Any CPU.ActiveCfg = Release|Any CPU
		{184F53E3-2CD2-4338-BBF4-2FD08310FB90}.Release|Any CPU.Build.0 = Release|Any CPU
		{CF1049D2-65DE-4A41-93DF-FF944A562064}.Debug|Any CPU.ActiveCfg = Debug|Any CPU
		{CF1049D2-65DE-4A41-93DF-FF944A562064}.Debug|Any CPU.Build.0 = Debug|Any CPU
		{CF1049D2-65DE-4A41-93DF-FF944A562064}.Release|Any CPU.ActiveCfg = Release|Any CPU
		{CF1049D2-65DE-4A41-93DF-FF944A562064}.Release|Any CPU.Build.0 = Release|Any CPU
		{DDA24959-AECE-4C40-B5DD-B642DFE621AA}.Debug|Any CPU.ActiveCfg = Debug|Any CPU
		{DDA24959-AECE-4C40-B5DD-B642DFE621AA}.Debug|Any CPU.Build.0 = Debug|Any CPU
		{DDA24959-AECE-4C40-B5DD-B642DFE621AA}.Release|Any CPU.ActiveCfg = Release|Any CPU
		{DDA24959-AECE-4C40-B5DD-B642DFE621AA}.Release|Any CPU.Build.0 = Release|Any CPU
		{D3FEA9C2-1F4A-4F7E-9E25-66797B4ADF61}.Debug|Any CPU.ActiveCfg = Debug|Any CPU
		{D3FEA9C2-1F4A-4F7E-9E25-66797B4ADF61}.Debug|Any CPU.Build.0 = Debug|Any CPU
		{D3FEA9C2-1F4A-4F7E-9E25-66797B4ADF61}.Release|Any CPU.ActiveCfg = Release|Any CPU
		{D3FEA9C2-1F4A-4F7E-9E25-66797B4ADF61}.Release|Any CPU.Build.0 = Release|Any CPU
		{978670B2-60B2-486E-A52B-9FC46CD9D0D2}.Debug|Any CPU.ActiveCfg = Debug|Any CPU
		{978670B2-60B2-486E-A52B-9FC46CD9D0D2}.Debug|Any CPU.Build.0 = Debug|Any CPU
		{978670B2-60B2-486E-A52B-9FC46CD9D0D2}.Release|Any CPU.ActiveCfg = Release|Any CPU
		{978670B2-60B2-486E-A52B-9FC46CD9D0D2}.Release|Any CPU.Build.0 = Release|Any CPU
		{0061EE30-F692-4856-9034-23401FE7777B}.Debug|Any CPU.ActiveCfg = Debug|Any CPU
		{0061EE30-F692-4856-9034-23401FE7777B}.Debug|Any CPU.Build.0 = Debug|Any CPU
		{0061EE30-F692-4856-9034-23401FE7777B}.Release|Any CPU.ActiveCfg = Release|Any CPU
		{0061EE30-F692-4856-9034-23401FE7777B}.Release|Any CPU.Build.0 = Release|Any CPU
		{ECA759A4-242E-422F-81F5-DC2478C7D72D}.Debug|Any CPU.ActiveCfg = Debug|Any CPU
		{ECA759A4-242E-422F-81F5-DC2478C7D72D}.Debug|Any CPU.Build.0 = Debug|Any CPU
		{ECA759A4-242E-422F-81F5-DC2478C7D72D}.Release|Any CPU.ActiveCfg = Release|Any CPU
		{ECA759A4-242E-422F-81F5-DC2478C7D72D}.Release|Any CPU.Build.0 = Release|Any CPU
		{D397BA82-9DB1-437F-980D-5FE9BD0BE465}.Debug|Any CPU.ActiveCfg = Debug|Any CPU
		{D397BA82-9DB1-437F-980D-5FE9BD0BE465}.Debug|Any CPU.Build.0 = Debug|Any CPU
		{D397BA82-9DB1-437F-980D-5FE9BD0BE465}.Release|Any CPU.ActiveCfg = Release|Any CPU
		{D397BA82-9DB1-437F-980D-5FE9BD0BE465}.Release|Any CPU.Build.0 = Release|Any CPU
		{52F07F33-E48F-42CC-A1C7-36DCF121EBB5}.Debug|Any CPU.ActiveCfg = Debug|Any CPU
		{52F07F33-E48F-42CC-A1C7-36DCF121EBB5}.Debug|Any CPU.Build.0 = Debug|Any CPU
		{52F07F33-E48F-42CC-A1C7-36DCF121EBB5}.Release|Any CPU.ActiveCfg = Release|Any CPU
		{52F07F33-E48F-42CC-A1C7-36DCF121EBB5}.Release|Any CPU.Build.0 = Release|Any CPU
		{0F3EAD86-165B-4D9C-B17A-62EEE6B56910}.Debug|Any CPU.ActiveCfg = Debug|Any CPU
		{0F3EAD86-165B-4D9C-B17A-62EEE6B56910}.Debug|Any CPU.Build.0 = Debug|Any CPU
		{0F3EAD86-165B-4D9C-B17A-62EEE6B56910}.Release|Any CPU.ActiveCfg = Release|Any CPU
		{0F3EAD86-165B-4D9C-B17A-62EEE6B56910}.Release|Any CPU.Build.0 = Release|Any CPU
	EndGlobalSection
	GlobalSection(SolutionProperties) = preSolution
		HideSolutionNode = FALSE
	EndGlobalSection
	GlobalSection(ExtensibilityGlobals) = postSolution
		SolutionGuid = {4328F942-D584-4C9D-8700-2AD2BEC2FEC5}
	EndGlobalSection
EndGlobal
