
Microsoft Visual Studio Solution File, Format Version 12.00
# Visual Studio 15
VisualStudioVersion = 15.0.27004.2002
MinimumVisualStudioVersion = 10.0.40219.1
Project("{FAE04EC0-301F-11D3-BF4B-00C04F79EFBC}") = "01. Ivanovi's Family", "01. Ivanovi's Family\01. Ivanovi's Family.csproj", "{D08097A5-C37B-40C4-A5F2-C42A8DDC2AC1}"
EndProject
Project("{FAE04EC0-301F-11D3-BF4B-00C04F79EFBC}") = "02. New Years Eves Party", "02. New Years Eves Party\02. New Years Eves Party.csproj", "{5C3F3C8F-ACC9-4839-8FD9-2F5B19226A7F}"
EndProject
Project("{FAE04EC0-301F-11D3-BF4B-00C04F79EFBC}") = "03. Ivanovi's Holiday", "03. Ivanovi's Holiday\03. Ivanovi's Holiday.csproj", "{AACC51AA-5A23-4709-A7CB-9F9BCDE46C4F}"
EndProject
Project("{FAE04EC0-301F-11D3-BF4B-00C04F79EFBC}") = "04. Workout", "04. Workout\04. Workout.csproj", "{C1B26439-74B3-4ECD-8FC5-A76461435271}"
EndProject
Project("{FAE04EC0-301F-11D3-BF4B-00C04F79EFBC}") = "05. Christmas sock", "05. Christmas sock\05. Christmas sock.csproj", "{F744F72B-AF2F-49D5-9184-CF2BC0D5518B}"
EndProject
Global
	GlobalSection(SolutionConfigurationPlatforms) = preSolution
		Debug|Any CPU = Debug|Any CPU
		Release|Any CPU = Release|Any CPU
	EndGlobalSection
	GlobalSection(ProjectConfigurationPlatforms) = postSolution
		{D08097A5-C37B-40C4-A5F2-C42A8DDC2AC1}.Debug|Any CPU.ActiveCfg = Debug|Any CPU
		{D08097A5-C37B-40C4-A5F2-C42A8DDC2AC1}.Debug|Any CPU.Build.0 = Debug|Any CPU
		{D08097A5-C37B-40C4-A5F2-C42A8DDC2AC1}.Release|Any CPU.ActiveCfg = Release|Any CPU
		{D08097A5-C37B-40C4-A5F2-C42A8DDC2AC1}.Release|Any CPU.Build.0 = Release|Any CPU
		{5C3F3C8F-ACC9-4839-8FD9-2F5B19226A7F}.Debug|Any CPU.ActiveCfg = Debug|Any CPU
		{5C3F3C8F-ACC9-4839-8FD9-2F5B19226A7F}.Debug|Any CPU.Build.0 = Debug|Any CPU
		{5C3F3C8F-ACC9-4839-8FD9-2F5B19226A7F}.Release|Any CPU.ActiveCfg = Release|Any CPU
		{5C3F3C8F-ACC9-4839-8FD9-2F5B19226A7F}.Release|Any CPU.Build.0 = Release|Any CPU
		{AACC51AA-5A23-4709-A7CB-9F9BCDE46C4F}.Debug|Any CPU.ActiveCfg = Debug|Any CPU
		{AACC51AA-5A23-4709-A7CB-9F9BCDE46C4F}.Debug|Any CPU.Build.0 = Debug|Any CPU
		{AACC51AA-5A23-4709-A7CB-9F9BCDE46C4F}.Release|Any CPU.ActiveCfg = Release|Any CPU
		{AACC51AA-5A23-4709-A7CB-9F9BCDE46C4F}.Release|Any CPU.Build.0 = Release|Any CPU
		{C1B26439-74B3-4ECD-8FC5-A76461435271}.Debug|Any CPU.ActiveCfg = Debug|Any CPU
		{C1B26439-74B3-4ECD-8FC5-A76461435271}.Debug|Any CPU.Build.0 = Debug|Any CPU
		{C1B26439-74B3-4ECD-8FC5-A76461435271}.Release|Any CPU.ActiveCfg = Release|Any CPU
		{C1B26439-74B3-4ECD-8FC5-A76461435271}.Release|Any CPU.Build.0 = Release|Any CPU
		{F744F72B-AF2F-49D5-9184-CF2BC0D5518B}.Debug|Any CPU.ActiveCfg = Debug|Any CPU
		{F744F72B-AF2F-49D5-9184-CF2BC0D5518B}.Debug|Any CPU.Build.0 = Debug|Any CPU
		{F744F72B-AF2F-49D5-9184-CF2BC0D5518B}.Release|Any CPU.ActiveCfg = Release|Any CPU
		{F744F72B-AF2F-49D5-9184-CF2BC0D5518B}.Release|Any CPU.Build.0 = Release|Any CPU
	EndGlobalSection
	GlobalSection(SolutionProperties) = preSolution
		HideSolutionNode = FALSE
	EndGlobalSection
	GlobalSection(ExtensibilityGlobals) = postSolution
		SolutionGuid = {AA748D48-B7F2-486B-B2DF-7B89F5DC5C3E}
	EndGlobalSection
EndGlobal
