
Microsoft Visual Studio Solution File, Format Version 12.00
# Visual Studio 15
VisualStudioVersion = 15.0.28010.0
MinimumVisualStudioVersion = 10.0.40219.1
Project("{FAE04EC0-301F-11D3-BF4B-00C04F79EFBC}") = "Dogs", "Dogs\Dogs.csproj", "{4E92DC1F-D3F7-4582-B83B-AE3F778AA16B}"
EndProject
Global
	GlobalSection(SolutionConfigurationPlatforms) = preSolution
		Debug|Any CPU = Debug|Any CPU
		Release|Any CPU = Release|Any CPU
	EndGlobalSection
	GlobalSection(ProjectConfigurationPlatforms) = postSolution
		{4E92DC1F-D3F7-4582-B83B-AE3F778AA16B}.Debug|Any CPU.ActiveCfg = Debug|Any CPU
		{4E92DC1F-D3F7-4582-B83B-AE3F778AA16B}.Debug|Any CPU.Build.0 = Debug|Any CPU
		{4E92DC1F-D3F7-4582-B83B-AE3F778AA16B}.Release|Any CPU.ActiveCfg = Release|Any CPU
		{4E92DC1F-D3F7-4582-B83B-AE3F778AA16B}.Release|Any CPU.Build.0 = Release|Any CPU
	EndGlobalSection
	GlobalSection(SolutionProperties) = preSolution
		HideSolutionNode = FALSE
	EndGlobalSection
	GlobalSection(ExtensibilityGlobals) = postSolution
		SolutionGuid = {64957EF0-0BF5-48AB-92D9-BFF581960A88}
	EndGlobalSection
EndGlobal
