
Microsoft Visual Studio Solution File, Format Version 12.00
# Visual Studio 15
VisualStudioVersion = 15.0.27004.2002
MinimumVisualStudioVersion = 10.0.40219.1
Project("{FAE04EC0-301F-11D3-BF4B-00C04F79EFBC}") = "1", "1\1.csproj", "{D6053100-9936-49AF-8733-F4D94EB8E8A4}"
EndProject
Project("{FAE04EC0-301F-11D3-BF4B-00C04F79EFBC}") = "2", "2\2.csproj", "{8AC30216-8281-49E2-82E4-C81BE067F850}"
EndProject
Project("{FAE04EC0-301F-11D3-BF4B-00C04F79EFBC}") = "5", "5\5.csproj", "{FEE15E20-3A50-4243-932D-93A49074DA47}"
EndProject
Project("{FAE04EC0-301F-11D3-BF4B-00C04F79EFBC}") = "3", "3\3.csproj", "{95399BA0-88C3-4EC6-84F7-A74AEDD6FCB6}"
EndProject
Project("{FAE04EC0-301F-11D3-BF4B-00C04F79EFBC}") = "4", "4\4.csproj", "{AE900ABE-19F4-459D-B1E5-56974E71D576}"
EndProject
Project("{FAE04EC0-301F-11D3-BF4B-00C04F79EFBC}") = "6", "6\6.csproj", "{B44EE8F9-3FF5-4AFC-A49D-A1D6B33D8E3A}"
EndProject
Global
	GlobalSection(SolutionConfigurationPlatforms) = preSolution
		Debug|Any CPU = Debug|Any CPU
		Release|Any CPU = Release|Any CPU
	EndGlobalSection
	GlobalSection(ProjectConfigurationPlatforms) = postSolution
		{D6053100-9936-49AF-8733-F4D94EB8E8A4}.Debug|Any CPU.ActiveCfg = Debug|Any CPU
		{D6053100-9936-49AF-8733-F4D94EB8E8A4}.Debug|Any CPU.Build.0 = Debug|Any CPU
		{D6053100-9936-49AF-8733-F4D94EB8E8A4}.Release|Any CPU.ActiveCfg = Release|Any CPU
		{D6053100-9936-49AF-8733-F4D94EB8E8A4}.Release|Any CPU.Build.0 = Release|Any CPU
		{8AC30216-8281-49E2-82E4-C81BE067F850}.Debug|Any CPU.ActiveCfg = Debug|Any CPU
		{8AC30216-8281-49E2-82E4-C81BE067F850}.Debug|Any CPU.Build.0 = Debug|Any CPU
		{8AC30216-8281-49E2-82E4-C81BE067F850}.Release|Any CPU.ActiveCfg = Release|Any CPU
		{8AC30216-8281-49E2-82E4-C81BE067F850}.Release|Any CPU.Build.0 = Release|Any CPU
		{FEE15E20-3A50-4243-932D-93A49074DA47}.Debug|Any CPU.ActiveCfg = Debug|Any CPU
		{FEE15E20-3A50-4243-932D-93A49074DA47}.Debug|Any CPU.Build.0 = Debug|Any CPU
		{FEE15E20-3A50-4243-932D-93A49074DA47}.Release|Any CPU.ActiveCfg = Release|Any CPU
		{FEE15E20-3A50-4243-932D-93A49074DA47}.Release|Any CPU.Build.0 = Release|Any CPU
		{95399BA0-88C3-4EC6-84F7-A74AEDD6FCB6}.Debug|Any CPU.ActiveCfg = Debug|Any CPU
		{95399BA0-88C3-4EC6-84F7-A74AEDD6FCB6}.Debug|Any CPU.Build.0 = Debug|Any CPU
		{95399BA0-88C3-4EC6-84F7-A74AEDD6FCB6}.Release|Any CPU.ActiveCfg = Release|Any CPU
		{95399BA0-88C3-4EC6-84F7-A74AEDD6FCB6}.Release|Any CPU.Build.0 = Release|Any CPU
		{AE900ABE-19F4-459D-B1E5-56974E71D576}.Debug|Any CPU.ActiveCfg = Debug|Any CPU
		{AE900ABE-19F4-459D-B1E5-56974E71D576}.Debug|Any CPU.Build.0 = Debug|Any CPU
		{AE900ABE-19F4-459D-B1E5-56974E71D576}.Release|Any CPU.ActiveCfg = Release|Any CPU
		{AE900ABE-19F4-459D-B1E5-56974E71D576}.Release|Any CPU.Build.0 = Release|Any CPU
		{B44EE8F9-3FF5-4AFC-A49D-A1D6B33D8E3A}.Debug|Any CPU.ActiveCfg = Debug|Any CPU
		{B44EE8F9-3FF5-4AFC-A49D-A1D6B33D8E3A}.Debug|Any CPU.Build.0 = Debug|Any CPU
		{B44EE8F9-3FF5-4AFC-A49D-A1D6B33D8E3A}.Release|Any CPU.ActiveCfg = Release|Any CPU
		{B44EE8F9-3FF5-4AFC-A49D-A1D6B33D8E3A}.Release|Any CPU.Build.0 = Release|Any CPU
	EndGlobalSection
	GlobalSection(SolutionProperties) = preSolution
		HideSolutionNode = FALSE
	EndGlobalSection
	GlobalSection(ExtensibilityGlobals) = postSolution
		SolutionGuid = {2A43838C-DC09-416E-9532-476A6DA61B4B}
	EndGlobalSection
EndGlobal
